{
  "nodes": {
    "herdr": {
      "inputs": {
        "nixpkgs": [
          "nixpkgs"
        ]
      },
      "locked": {
        "lastModified": 1782308245,
        "narHash": "sha256-/WnsUO1DuSmBfVo8LCFaDJEZvSrYnJZPyRNqASbPzV8=",
        "owner": "ogulcancelik",
        "repo": "herdr",
        "rev": "dbc45f6306bda3eee681d73a14b48ffbb39f3fcc",
        "type": "github"
      },
      "original": {
        "owner": "ogulcancelik",
        "ref": "v0.7.1",
        "repo": "herdr",
        "type": "github"
      }
    },
    "home-manager": {
      "inputs": {
        "nixpkgs": [
          "nixpkgs"
        ]
      },
      "locked": {
        "lastModified": 1787146702,
        "narHash": "sha256-YbRcLdU/yK4gWsQg7V8WTKZHfXL33g8+wSFUX3wyevs=",
        "owner": "nix-community",
        "repo": "home-manager",
        "rev": "173b7e8d40fdc8c296a9c99854314f17a3a1704c",
        "type": "github"
      },
      "original": {
        "owner": "nix-community",
        "ref": "release-26.05",
        "repo": "home-manager",
        "type": "github"
      }
    },
    "nix-darwin": {
      "inputs": {
        "nixpkgs": [
          "nixpkgs"
        ]
      },
      "locked": {
        "lastModified": 1783744694,
        "narHash": "sha256-2cp6N3rrwnGYLTx9l6N+NI+kwrCWxvJUbj5WJhvB29A=",
        "owner": "nix-darwin",
        "repo": "nix-darwin",
        "rev": "c3e90c89649b07d1a96e4b9dd6cd0d6e44b91a74",
        "type": "github"
      },
      "original": {
        "owner": "nix-darwin",
        "ref": "nix-darwin-26.05",
        "repo": "nix-darwin",
        "type": "github"
      }
    },
    "nixpkgs": {
      "locked": {
        "lastModified": 1787101114,
        "narHash": "sha256-gwrPcFf/rDjHPaVflbDZ040ZDmBTRj/7+s8ZmE2SaIM=",
        "owner": "NixOS",
        "repo": "nixpkgs",
        "rev": "b18a4b905f8d028dc4476412e6d6891728695379",
        "type": "github"
      },
      "original": {
        "owner": "NixOS",
        "ref": "nixos-26.05",
        "repo": "nixpkgs",
        "type": "github"
      }
    },
    "root": {
      "inputs": {
        "herdr": "herdr",
        "home-manager": "home-manager",
        "nix-darwin": "nix-darwin",
        "nixpkgs": "nixpkgs",
        "tmux-assistant-resurrect": "tmux-assistant-resurrect",
        "tmux-continuum": "tmux-continuum",
        "tmux-resurrect": "tmux-resurrect",
        "tmux-yank": "tmux-yank",
        "tpm": "tpm"
      }
    },
    "tmux-assistant-resurrect": {
      "flake": false,
      "locked": {
        "lastModified": 1787142722,
        "narHash": "sha256-vSS2vNNKXpAyfw9GlCkZcnn7HQFi3uJbWvmzYldjaB0=",
        "owner": "timvw",
        "repo": "tmux-assistant-resurrect",
        "rev": "490cd91b196264593ec79486ef324246b7d0b88a",
        "type": "github"
      },
      "original": {
        "owner": "timvw",
        "repo": "tmux-assistant-resurrect",
        "type": "github"
      }
    },
    "tmux-continuum": {
      "flake": false,
      "locked": {
        "lastModified": 1705754277,
        "narHash": "sha256-W71QyLwC/MXz3bcLR2aJeWcoXFI/A3itjpcWKAdVFJY=",
        "owner": "tmux-plugins",
        "repo": "tmux-continuum",
        "rev": "0698e8f4b17d6454c71bf5212895ec055c578da0",
        "type": "github"
      },
      "original": {
        "owner": "tmux-plugins",
        "repo": "tmux-continuum",
        "type": "github"
      }
    },
    "tmux-resurrect": {
      "flake": false,
      "locked": {
        "lastModified": 1678098022,
        "narHash": "sha256-FcSjYyWjXM1B+WmiK2bqUNJYtH7sJBUsY2IjSur5TjY=",
        "owner": "tmux-plugins",
        "repo": "tmux-resurrect",
        "rev": "cff343cf9e81983d3da0c8562b01616f12e8d548",
        "type": "github"
      },
      "original": {
        "owner": "tmux-plugins",
        "repo": "tmux-resurrect",
        "type": "github"
      }
    },
    "tmux-yank": {
      "flake": false,
      "locked": {
        "lastModified": 1689770565,
        "narHash": "sha256-/5HPaoOx2U2d8lZZJo5dKmemu6hKgHJYq23hxkddXpA=",
        "owner": "tmux-plugins",
        "repo": "tmux-yank",
        "rev": "acfd36e4fcba99f8310a7dfb432111c242fe7392",
        "type": "github"
      },
      "original": {
        "owner": "tmux-plugins",
        "repo": "tmux-yank",
        "type": "github"
      }
    },
    "tpm": {
      "flake": false,
      "locked": {
        "lastModified": 1779036064,
        "narHash": "sha256-oRKUZNyJYQXlkeQfbEYiltUEBpvdwn2SoEBWHVUNmrA=",
        "owner": "tmux-plugins",
        "repo": "tpm",
        "rev": "e261deb1b47614eed3400089ce7197dc68acc4eb",
        "type": "github"
      },
      "original": {
        "owner": "tmux-plugins",
        "repo": "tpm",
        "type": "github"
      }
    }
  },
  "root": "root",
  "version": 7
}
